// !$*UTF8*$!
{
	archiveVersion = 1;
	classes = {
	};
	objectVersion = 56;
	objects = {

/* Begin PBXBuildFile section */
		7694C37DCA4ED13DCD85EC4A /* Pods_CurrencyConverter.framework in Frameworks */ = {isa = PBXBuildFile; fileRef = D01CE3FFCE4FE7F3DAF635AD /* Pods_CurrencyConverter.framework */; };
		E40F7B5128E72B55001A31BB /* ViewBorderAndCornerCreator.swift in Sources */ = {isa = PBXBuildFile; fileRef = E40F7B5028E72B55001A31BB /* ViewBorderAndCornerCreator.swift */; };
		E40F7B5528E74601001A31BB /* AlertConstants.swift in Sources */ = {isa = PBXBuildFile; fileRef = E40F7B5428E74601001A31BB /* AlertConstants.swift */; };
		E40F7B5728E7476D001A31BB /* APIConstants.swift in Sources */ = {isa = PBXBuildFile; fileRef = E40F7B5628E7476D001A31BB /* APIConstants.swift */; };
		E40F7B5A28E747A1001A31BB /* CurrencyDataModel.swift in Sources */ = {isa = PBXBuildFile; fileRef = E40F7B5928E747A1001A31BB /* CurrencyDataModel.swift */; };
		E422A63728E12F1000CD1582 /* HomeViewController.swift in Sources */ = {isa = PBXBuildFile; fileRef = E422A63528E12F1000CD1582 /* HomeViewController.swift */; };
		E422A63828E12F1000CD1582 /* HomeViewController.xib in Resources */ = {isa = PBXBuildFile; fileRef = E422A63628E12F1000CD1582 /* HomeViewController.xib */; };
		E43E157628E8121200D9FBBB /* NotificationNameExtensions.swift in Sources */ = {isa = PBXBuildFile; fileRef = E43E157528E8121200D9FBBB /* NotificationNameExtensions.swift */; };
		E43E157828E8138500D9FBBB /* AlertDataModel.swift in Sources */ = {isa = PBXBuildFile; fileRef = E43E157728E8138500D9FBBB /* AlertDataModel.swift */; };
		E43E157B28E814BC00D9FBBB /* CurrencySelectedFromList.swift in Sources */ = {isa = PBXBuildFile; fileRef = E43E157A28E814BC00D9FBBB /* CurrencySelectedFromList.swift */; };
		E43E157D28E814D700D9FBBB /* AmountEnteredToConvert.swift in Sources */ = {isa = PBXBuildFile; fileRef = E43E157C28E814D700D9FBBB /* AmountEnteredToConvert.swift */; };
		E43E157F28E814FC00D9FBBB /* NotificationListener.swift in Sources */ = {isa = PBXBuildFile; fileRef = E43E157E28E814FC00D9FBBB /* NotificationListener.swift */; };
		E440C81328E9506900B5F46D /* UserDatabaseModel.swift in Sources */ = {isa = PBXBuildFile; fileRef = E440C81228E9506900B5F46D /* UserDatabaseModel.swift */; };
		E440C81528E96ACD00B5F46D /* ServiceManagerTest.swift in Sources */ = {isa = PBXBuildFile; fileRef = E440C81428E96ACD00B5F46D /* ServiceManagerTest.swift */; };
		E440C81728E96E0F00B5F46D /* StringUtilitiesTest.swift in Sources */ = {isa = PBXBuildFile; fileRef = E440C81628E96E0F00B5F46D /* StringUtilitiesTest.swift */; };
		E45D8E8028E3CAD6008C87CC /* AvailableBalanceViewController.swift in Sources */ = {isa = PBXBuildFile; fileRef = E45D8E7E28E3CAD6008C87CC /* AvailableBalanceViewController.swift */; };
		E45D8E8128E3CAD6008C87CC /* AvailableBalanceViewController.xib in Resources */ = {isa = PBXBuildFile; fileRef = E45D8E7F28E3CAD6008C87CC /* AvailableBalanceViewController.xib */; };
		E45D8E8628E3E3FF008C87CC /* AvailableBalanceCellViewController.swift in Sources */ = {isa = PBXBuildFile; fileRef = E45D8E8428E3E3FF008C87CC /* AvailableBalanceCellViewController.swift */; };
		E45D8E8728E3E3FF008C87CC /* AvailableBalanceCellViewController.xib in Resources */ = {isa = PBXBuildFile; fileRef = E45D8E8528E3E3FF008C87CC /* AvailableBalanceCellViewController.xib */; };
		E46028DE28EA129200E4AD77 /* AlertViewModel.swift in Sources */ = {isa = PBXBuildFile; fileRef = E46028DD28EA129200E4AD77 /* AlertViewModel.swift */; };
		E46028E028EA153800E4AD77 /* AlertManagerTest.swift in Sources */ = {isa = PBXBuildFile; fileRef = E46028DF28EA153800E4AD77 /* AlertManagerTest.swift */; };
		E461053728EA090E00993497 /* CommissionManagerTest.swift in Sources */ = {isa = PBXBuildFile; fileRef = E461053628EA090D00993497 /* CommissionManagerTest.swift */; };
		E4647FB628E0BB510034E14E /* AppDelegate.swift in Sources */ = {isa = PBXBuildFile; fileRef = E4647FB528E0BB510034E14E /* AppDelegate.swift */; };
		E4647FB828E0BB510034E14E /* SceneDelegate.swift in Sources */ = {isa = PBXBuildFile; fileRef = E4647FB728E0BB510034E14E /* SceneDelegate.swift */; };
		E4647FBF28E0BB530034E14E /* Assets.xcassets in Resources */ = {isa = PBXBuildFile; fileRef = E4647FBE28E0BB530034E14E /* Assets.xcassets */; };
		E4647FC228E0BB530034E14E /* LaunchScreen.storyboard in Resources */ = {isa = PBXBuildFile; fileRef = E4647FC028E0BB530034E14E /* LaunchScreen.storyboard */; };
		E4704FB328E27AFC000A0B75 /* ColorConstants.swift in Sources */ = {isa = PBXBuildFile; fileRef = E4704FB228E27AFC000A0B75 /* ColorConstants.swift */; };
		E4704FB728E27D15000A0B75 /* ColorExtensions.swift in Sources */ = {isa = PBXBuildFile; fileRef = E4704FB628E27D15000A0B75 /* ColorExtensions.swift */; };
		E4704FB928E280ED000A0B75 /* Constants.swift in Sources */ = {isa = PBXBuildFile; fileRef = E4704FB828E280ED000A0B75 /* Constants.swift */; };
		E47E781728E7CDD300550703 /* UserDataConstants.swift in Sources */ = {isa = PBXBuildFile; fileRef = E47E781628E7CDD300550703 /* UserDataConstants.swift */; };
		E47E781A28E7CE6200550703 /* NetworkServices.swift in Sources */ = {isa = PBXBuildFile; fileRef = E47E781928E7CE6200550703 /* NetworkServices.swift */; };
		E47E781C28E7CE9A00550703 /* HttpErrorModels.swift in Sources */ = {isa = PBXBuildFile; fileRef = E47E781B28E7CE9A00550703 /* HttpErrorModels.swift */; };
		E47E781E28E7CEB300550703 /* ResponseDataModel.swift in Sources */ = {isa = PBXBuildFile; fileRef = E47E781D28E7CEB300550703 /* ResponseDataModel.swift */; };
		E47E782028E7CF5000550703 /* ServiceManager.swift in Sources */ = {isa = PBXBuildFile; fileRef = E47E781F28E7CF5000550703 /* ServiceManager.swift */; };
		E47E782228E7CF7900550703 /* DataManager.swift in Sources */ = {isa = PBXBuildFile; fileRef = E47E782128E7CF7900550703 /* DataManager.swift */; };
		E47E782428E7CF9800550703 /* StringUtilities.swift in Sources */ = {isa = PBXBuildFile; fileRef = E47E782328E7CF9800550703 /* StringUtilities.swift */; };
		E47E782628E7CFB800550703 /* UserDataModel.swift in Sources */ = {isa = PBXBuildFile; fileRef = E47E782528E7CFB800550703 /* UserDataModel.swift */; };
		E47E782828E7D01300550703 /* CurrencyConversionErrorModels.swift in Sources */ = {isa = PBXBuildFile; fileRef = E47E782728E7D01300550703 /* CurrencyConversionErrorModels.swift */; };
		E47E782B28E7D04300550703 /* CommissionManager.swift in Sources */ = {isa = PBXBuildFile; fileRef = E47E782A28E7D04300550703 /* CommissionManager.swift */; };
		E47E782D28E7D06100550703 /* CommissionOfPointSevenPercent.swift in Sources */ = {isa = PBXBuildFile; fileRef = E47E782C28E7D06100550703 /* CommissionOfPointSevenPercent.swift */; };
		E47E783028E7D0BA00550703 /* CurrencyViewModel.swift in Sources */ = {isa = PBXBuildFile; fileRef = E47E782F28E7D0BA00550703 /* CurrencyViewModel.swift */; };
		E481AB7B28E9215500853E21 /* StorageService.swift in Sources */ = {isa = PBXBuildFile; fileRef = E481AB7A28E9215500853E21 /* StorageService.swift */; };
		E4C027FD28E6CD4800600685 /* UIAlertControllerExtension.swift in Sources */ = {isa = PBXBuildFile; fileRef = E4C027FC28E6CD4800600685 /* UIAlertControllerExtension.swift */; };
		E4CD531128E51F4B000489E7 /* UITableViewExtensions.swift in Sources */ = {isa = PBXBuildFile; fileRef = E4CD531028E51F4B000489E7 /* UITableViewExtensions.swift */; };
		E4CD531528E5229D000489E7 /* ConvertCurrencyViewController.swift in Sources */ = {isa = PBXBuildFile; fileRef = E4CD531328E5229D000489E7 /* ConvertCurrencyViewController.swift */; };
		E4CD531628E5229D000489E7 /* ConvertCurrencyViewController.xib in Resources */ = {isa = PBXBuildFile; fileRef = E4CD531428E5229D000489E7 /* ConvertCurrencyViewController.xib */; };
		E4F24AE428EA643D0052CC06 /* CommissionOfFirstFiveTransaction.swift in Sources */ = {isa = PBXBuildFile; fileRef = E4F24AE328EA643D0052CC06 /* CommissionOfFirstFiveTransaction.swift */; };
		E4FEB58F28E356A70010E7E3 /* UIViewController.swift in Sources */ = {isa = PBXBuildFile; fileRef = E4FEB58E28E356A70010E7E3 /* UIViewController.swift */; };
		F9D7625B3E5FE5B6D34F367E /* Pods_CurrencyConverterTests.framework in Frameworks */ = {isa = PBXBuildFile; fileRef = 2333A73587EFB809913A774C /* Pods_CurrencyConverterTests.framework */; };
/* End PBXBuildFile section */

/* Begin PBXContainerItemProxy section */
		E4647FC928E0BB530034E14E /* PBXContainerItemProxy */ = {
			isa = PBXContainerItemProxy;
			containerPortal = E4647FAA28E0BB510034E14E /* Project object */;
			proxyType = 1;
			remoteGlobalIDString = E4647FB128E0BB510034E14E;
			remoteInfo = CurrencyConverter;
		};
/* End PBXContainerItemProxy section */

/* Begin PBXFileReference section */
		2333A73587EFB809913A774C /* Pods_CurrencyConverterTests.framework */ = {isa = PBXFileReference; explicitFileType = wrapper.framework; includeInIndex = 0; path = Pods_CurrencyConverterTests.framework; sourceTree = BUILT_PRODUCTS_DIR; };
		63518579CAA54F4F1608B8EF /* Pods-CurrencyConverter.release.xcconfig */ = {isa = PBXFileReference; includeInIndex = 1; lastKnownFileType = text.xcconfig; name = "Pods-CurrencyConverter.release.xcconfig"; path = "Target Support Files/Pods-CurrencyConverter/Pods-CurrencyConverter.release.xcconfig"; sourceTree = "<group>"; };
		79C87CE7C8F5CA0FA4FEF41D /* Pods-CurrencyConverter.debug.xcconfig */ = {isa = PBXFileReference; includeInIndex = 1; lastKnownFileType = text.xcconfig; name = "Pods-CurrencyConverter.debug.xcconfig"; path = "Target Support Files/Pods-CurrencyConverter/Pods-CurrencyConverter.debug.xcconfig"; sourceTree = "<group>"; };
		A12CE59A6B29C32F428BFB35 /* Pods-CurrencyConverterTests.release.xcconfig */ = {isa = PBXFileReference; includeInIndex = 1; lastKnownFileType = text.xcconfig; name = "Pods-CurrencyConverterTests.release.xcconfig"; path = "Target Support Files/Pods-CurrencyConverterTests/Pods-CurrencyConverterTests.release.xcconfig"; sourceTree = "<group>"; };
		CC8959780AB0900EADA9A85C /* Pods-CurrencyConverterTests.debug.xcconfig */ = {isa = PBXFileReference; includeInIndex = 1; lastKnownFileType = text.xcconfig; name = "Pods-CurrencyConverterTests.debug.xcconfig"; path = "Target Support Files/Pods-CurrencyConverterTests/Pods-CurrencyConverterTests.debug.xcconfig"; sourceTree = "<group>"; };
		D01CE3FFCE4FE7F3DAF635AD /* Pods_CurrencyConverter.framework */ = {isa = PBXFileReference; explicitFileType = wrapper.framework; includeInIndex = 0; path = Pods_CurrencyConverter.framework; sourceTree = BUILT_PRODUCTS_DIR; };
		E40F7B5028E72B55001A31BB /* ViewBorderAndCornerCreator.swift */ = {isa = PBXFileReference; lastKnownFileType = sourcecode.swift; path = ViewBorderAndCornerCreator.swift; sourceTree = "<group>"; };
		E40F7B5428E74601001A31BB /* AlertConstants.swift */ = {isa = PBXFileReference; lastKnownFileType = sourcecode.swift; path = AlertConstants.swift; sourceTree = "<group>"; };
		E40F7B5628E7476D001A31BB /* APIConstants.swift */ = {isa = PBXFileReference; lastKnownFileType = sourcecode.swift; path = APIConstants.swift; sourceTree = "<group>"; };
		E40F7B5928E747A1001A31BB /* CurrencyDataModel.swift */ = {isa = PBXFileReference; lastKnownFileType = sourcecode.swift; path = CurrencyDataModel.swift; sourceTree = "<group>"; };
		E422A63528E12F1000CD1582 /* HomeViewController.swift */ = {isa = PBXFileReference; lastKnownFileType = sourcecode.swift; path = HomeViewController.swift; sourceTree = "<group>"; };
		E422A63628E12F1000CD1582 /* HomeViewController.xib */ = {isa = PBXFileReference; lastKnownFileType = file.xib; path = HomeViewController.xib; sourceTree = "<group>"; };
		E43E157528E8121200D9FBBB /* NotificationNameExtensions.swift */ = {isa = PBXFileReference; lastKnownFileType = sourcecode.swift; path = NotificationNameExtensions.swift; sourceTree = "<group>"; };
		E43E157728E8138500D9FBBB /* AlertDataModel.swift */ = {isa = PBXFileReference; lastKnownFileType = sourcecode.swift; path = AlertDataModel.swift; sourceTree = "<group>"; };
		E43E157A28E814BC00D9FBBB /* CurrencySelectedFromList.swift */ = {isa = PBXFileReference; lastKnownFileType = sourcecode.swift; path = CurrencySelectedFromList.swift; sourceTree = "<group>"; };
		E43E157C28E814D700D9FBBB /* AmountEnteredToConvert.swift */ = {isa = PBXFileReference; lastKnownFileType = sourcecode.swift; path = AmountEnteredToConvert.swift; sourceTree = "<group>"; };
		E43E157E28E814FC00D9FBBB /* NotificationListener.swift */ = {isa = PBXFileReference; lastKnownFileType = sourcecode.swift; path = NotificationListener.swift; sourceTree = "<group>"; };
		E440C81228E9506900B5F46D /* UserDatabaseModel.swift */ = {isa = PBXFileReference; lastKnownFileType = sourcecode.swift; path = UserDatabaseModel.swift; sourceTree = "<group>"; };
		E440C81428E96ACD00B5F46D /* ServiceManagerTest.swift */ = {isa = PBXFileReference; lastKnownFileType = sourcecode.swift; path = ServiceManagerTest.swift; sourceTree = "<group>"; };
		E440C81628E96E0F00B5F46D /* StringUtilitiesTest.swift */ = {isa = PBXFileReference; lastKnownFileType = sourcecode.swift; path = StringUtilitiesTest.swift; sourceTree = "<group>"; };
		E45D8E7E28E3CAD6008C87CC /* AvailableBalanceViewController.swift */ = {isa = PBXFileReference; lastKnownFileType = sourcecode.swift; path = AvailableBalanceViewController.swift; sourceTree = "<group>"; };
		E45D8E7F28E3CAD6008C87CC /* AvailableBalanceViewController.xib */ = {isa = PBXFileReference; lastKnownFileType = file.xib; path = AvailableBalanceViewController.xib; sourceTree = "<group>"; };
		E45D8E8428E3E3FF008C87CC /* AvailableBalanceCellViewController.swift */ = {isa = PBXFileReference; lastKnownFileType = sourcecode.swift; path = AvailableBalanceCellViewController.swift; sourceTree = "<group>"; };
		E45D8E8528E3E3FF008C87CC /* AvailableBalanceCellViewController.xib */ = {isa = PBXFileReference; lastKnownFileType = file.xib; path = AvailableBalanceCellViewController.xib; sourceTree = "<group>"; };
		E46028DD28EA129200E4AD77 /* AlertViewModel.swift */ = {isa = PBXFileReference; lastKnownFileType = sourcecode.swift; path = AlertViewModel.swift; sourceTree = "<group>"; };
		E46028DF28EA153800E4AD77 /* AlertManagerTest.swift */ = {isa = PBXFileReference; lastKnownFileType = sourcecode.swift; path = AlertManagerTest.swift; sourceTree = "<group>"; };
		E461053628EA090D00993497 /* CommissionManagerTest.swift */ = {isa = PBXFileReference; lastKnownFileType = sourcecode.swift; path = CommissionManagerTest.swift; sourceTree = "<group>"; };
		E4647FB228E0BB510034E14E /* CurrencyConverter.app */ = {isa = PBXFileReference; explicitFileType = wrapper.application; includeInIndex = 0; path = CurrencyConverter.app; sourceTree = BUILT_PRODUCTS_DIR; };
		E4647FB528E0BB510034E14E /* AppDelegate.swift */ = {isa = PBXFileReference; lastKnownFileType = sourcecode.swift; path = AppDelegate.swift; sourceTree = "<group>"; };
		E4647FB728E0BB510034E14E /* SceneDelegate.swift */ = {isa = PBXFileReference; lastKnownFileType = sourcecode.swift; path = SceneDelegate.swift; sourceTree = "<group>"; };
		E4647FBE28E0BB530034E14E /* Assets.xcassets */ = {isa = PBXFileReference; lastKnownFileType = folder.assetcatalog; path = Assets.xcassets; sourceTree = "<group>"; };
		E4647FC128E0BB530034E14E /* Base */ = {isa = PBXFileReference; lastKnownFileType = file.storyboard; name = Base; path = Base.lproj/LaunchScreen.storyboard; sourceTree = "<group>"; };
		E4647FC328E0BB530034E14E /* Info.plist */ = {isa = PBXFileReference; lastKnownFileType = text.plist.xml; path = Info.plist; sourceTree = "<group>"; };
		E4647FC828E0BB530034E14E /* CurrencyConverterTests.xctest */ = {isa = PBXFileReference; explicitFileType = wrapper.cfbundle; includeInIndex = 0; path = CurrencyConverterTests.xctest; sourceTree = BUILT_PRODUCTS_DIR; };
		E4704FB228E27AFC000A0B75 /* ColorConstants.swift */ = {isa = PBXFileReference; lastKnownFileType = sourcecode.swift; path = ColorConstants.swift; sourceTree = "<group>"; };
		E4704FB628E27D15000A0B75 /* ColorExtensions.swift */ = {isa = PBXFileReference; lastKnownFileType = sourcecode.swift; path = ColorExtensions.swift; sourceTree = "<group>"; };
		E4704FB828E280ED000A0B75 /* Constants.swift */ = {isa = PBXFileReference; lastKnownFileType = sourcecode.swift; path = Constants.swift; sourceTree = "<group>"; };
		E47E781628E7CDD300550703 /* UserDataConstants.swift */ = {isa = PBXFileReference; lastKnownFileType = sourcecode.swift; path = UserDataConstants.swift; sourceTree = "<group>"; };
		E47E781928E7CE6200550703 /* NetworkServices.swift */ = {isa = PBXFileReference; lastKnownFileType = sourcecode.swift; path = NetworkServices.swift; sourceTree = "<group>"; };
		E47E781B28E7CE9A00550703 /* HttpErrorModels.swift */ = {isa = PBXFileReference; lastKnownFileType = sourcecode.swift; path = HttpErrorModels.swift; sourceTree = "<group>"; };
		E47E781D28E7CEB300550703 /* ResponseDataModel.swift */ = {isa = PBXFileReference; lastKnownFileType = sourcecode.swift; path = ResponseDataModel.swift; sourceTree = "<group>"; };
		E47E781F28E7CF5000550703 /* ServiceManager.swift */ = {isa = PBXFileReference; lastKnownFileType = sourcecode.swift; path = ServiceManager.swift; sourceTree = "<group>"; };
		E47E782128E7CF7900550703 /* DataManager.swift */ = {isa = PBXFileReference; lastKnownFileType = sourcecode.swift; path = DataManager.swift; sourceTree = "<group>"; };
		E47E782328E7CF9800550703 /* StringUtilities.swift */ = {isa = PBXFileReference; lastKnownFileType = sourcecode.swift; path = StringUtilities.swift; sourceTree = "<group>"; };
		E47E782528E7CFB800550703 /* UserDataModel.swift */ = {isa = PBXFileReference; lastKnownFileType = sourcecode.swift; path = UserDataModel.swift; sourceTree = "<group>"; };
		E47E782728E7D01300550703 /* CurrencyConversionErrorModels.swift */ = {isa = PBXFileReference; lastKnownFileType = sourcecode.swift; path = CurrencyConversionErrorModels.swift; sourceTree = "<group>"; };
		E47E782A28E7D04300550703 /* CommissionManager.swift */ = {isa = PBXFileReference; lastKnownFileType = sourcecode.swift; path = CommissionManager.swift; sourceTree = "<group>"; };
		E47E782C28E7D06100550703 /* CommissionOfPointSevenPercent.swift */ = {isa = PBXFileReference; lastKnownFileType = sourcecode.swift; path = CommissionOfPointSevenPercent.swift; sourceTree = "<group>"; };
		E47E782F28E7D0BA00550703 /* CurrencyViewModel.swift */ = {isa = PBXFileReference; lastKnownFileType = sourcecode.swift; path = CurrencyViewModel.swift; sourceTree = "<group>"; };
		E481AB7A28E9215500853E21 /* StorageService.swift */ = {isa = PBXFileReference; lastKnownFileType = sourcecode.swift; path = StorageService.swift; sourceTree = "<group>"; };
		E4C027FC28E6CD4800600685 /* UIAlertControllerExtension.swift */ = {isa = PBXFileReference; lastKnownFileType = sourcecode.swift; path = UIAlertControllerExtension.swift; sourceTree = "<group>"; };
		E4CD531028E51F4B000489E7 /* UITableViewExtensions.swift */ = {isa = PBXFileReference; lastKnownFileType = sourcecode.swift; path = UITableViewExtensions.swift; sourceTree = "<group>"; };
		E4CD531328E5229D000489E7 /* ConvertCurrencyViewController.swift */ = {isa = PBXFileReference; lastKnownFileType = sourcecode.swift; path = ConvertCurrencyViewController.swift; sourceTree = "<group>"; };
		E4CD531428E5229D000489E7 /* ConvertCurrencyViewController.xib */ = {isa = PBXFileReference; lastKnownFileType = file.xib; path = ConvertCurrencyViewController.xib; sourceTree = "<group>"; };
		E4F24AE328EA643D0052CC06 /* CommissionOfFirstFiveTransaction.swift */ = {isa = PBXFileReference; lastKnownFileType = sourcecode.swift; path = CommissionOfFirstFiveTransaction.swift; sourceTree = "<group>"; };
		E4FEB58E28E356A70010E7E3 /* UIViewController.swift */ = {isa = PBXFileReference; lastKnownFileType = sourcecode.swift; path = UIViewController.swift; sourceTree = "<group>"; };
/* End PBXFileReference section */

/* Begin PBXFrameworksBuildPhase section */
		E4647FAF28E0BB510034E14E /* Frameworks */ = {
			isa = PBXFrameworksBuildPhase;
			buildActionMask = 2147483647;
			files = (
				7694C37DCA4ED13DCD85EC4A /* Pods_CurrencyConverter.framework in Frameworks */,
			);
			runOnlyForDeploymentPostprocessing = 0;
		};
		E4647FC528E0BB530034E14E /* Frameworks */ = {
			isa = PBXFrameworksBuildPhase;
			buildActionMask = 2147483647;
			files = (
				F9D7625B3E5FE5B6D34F367E /* Pods_CurrencyConverterTests.framework in Frameworks */,
			);
			runOnlyForDeploymentPostprocessing = 0;
		};
/* End PBXFrameworksBuildPhase section */

/* Begin PBXGroup section */
		1DC60C9103E2E7D683EB5B4F /* Pods */ = {
			isa = PBXGroup;
			children = (
				79C87CE7C8F5CA0FA4FEF41D /* Pods-CurrencyConverter.debug.xcconfig */,
				63518579CAA54F4F1608B8EF /* Pods-CurrencyConverter.release.xcconfig */,
				CC8959780AB0900EADA9A85C /* Pods-CurrencyConverterTests.debug.xcconfig */,
				A12CE59A6B29C32F428BFB35 /* Pods-CurrencyConverterTests.release.xcconfig */,
			);
			path = Pods;
			sourceTree = "<group>";
		};
		ABA6EE9157921E34667DC0BE /* Frameworks */ = {
			isa = PBXGroup;
			children = (
				D01CE3FFCE4FE7F3DAF635AD /* Pods_CurrencyConverter.framework */,
				2333A73587EFB809913A774C /* Pods_CurrencyConverterTests.framework */,
			);
			name = Frameworks;
			sourceTree = "<group>";
		};
		E40F7B4F28E72B3B001A31BB /* ViewComponents */ = {
			isa = PBXGroup;
			children = (
				E40F7B5028E72B55001A31BB /* ViewBorderAndCornerCreator.swift */,
			);
			path = ViewComponents;
			sourceTree = "<group>";
		};
		E40F7B5828E7478E001A31BB /* Model */ = {
			isa = PBXGroup;
			children = (
				E47E782128E7CF7900550703 /* DataManager.swift */,
				E40F7B5928E747A1001A31BB /* CurrencyDataModel.swift */,
				E47E781B28E7CE9A00550703 /* HttpErrorModels.swift */,
				E47E781D28E7CEB300550703 /* ResponseDataModel.swift */,
				E47E782528E7CFB800550703 /* UserDataModel.swift */,
				E47E782728E7D01300550703 /* CurrencyConversionErrorModels.swift */,
				E43E157728E8138500D9FBBB /* AlertDataModel.swift */,
				E440C81228E9506900B5F46D /* UserDatabaseModel.swift */,
			);
			path = Model;
			sourceTree = "<group>";
		};
		E43E157928E8148B00D9FBBB /* Home View */ = {
			isa = PBXGroup;
			children = (
				E422A63528E12F1000CD1582 /* HomeViewController.swift */,
				E422A63628E12F1000CD1582 /* HomeViewController.xib */,
				E43E157A28E814BC00D9FBBB /* CurrencySelectedFromList.swift */,
				E43E157C28E814D700D9FBBB /* AmountEnteredToConvert.swift */,
				E43E157E28E814FC00D9FBBB /* NotificationListener.swift */,
			);
			path = "Home View";
			sourceTree = "<group>";
		};
		E45D8E8228E3CADD008C87CC /* View */ = {
			isa = PBXGroup;
			children = (
				E40F7B4F28E72B3B001A31BB /* ViewComponents */,
				E43E157928E8148B00D9FBBB /* Home View */,
				E45D8E8328E3CAE8008C87CC /* Available Balance Views */,
				E4CD531228E52260000489E7 /* Convert Currency Views */,
			);
			path = View;
			sourceTree = "<group>";
		};
		E45D8E8328E3CAE8008C87CC /* Available Balance Views */ = {
			isa = PBXGroup;
			children = (
				E45D8E7E28E3CAD6008C87CC /* AvailableBalanceViewController.swift */,
				E45D8E7F28E3CAD6008C87CC /* AvailableBalanceViewController.xib */,
				E45D8E8428E3E3FF008C87CC /* AvailableBalanceCellViewController.swift */,
				E45D8E8528E3E3FF008C87CC /* AvailableBalanceCellViewController.xib */,
			);
			path = "Available Balance Views";
			sourceTree = "<group>";
		};
		E4647FA928E0BB510034E14E = {
			isa = PBXGroup;
			children = (
				E4647FB428E0BB510034E14E /* CurrencyConverter */,
				E4647FCB28E0BB530034E14E /* CurrencyConverterTests */,
				E4647FB328E0BB510034E14E /* Products */,
				1DC60C9103E2E7D683EB5B4F /* Pods */,
				ABA6EE9157921E34667DC0BE /* Frameworks */,
			);
			sourceTree = "<group>";
		};
		E4647FB328E0BB510034E14E /* Products */ = {
			isa = PBXGroup;
			children = (
				E4647FB228E0BB510034E14E /* CurrencyConverter.app */,
				E4647FC828E0BB530034E14E /* CurrencyConverterTests.xctest */,
			);
			name = Products;
			sourceTree = "<group>";
		};
		E4647FB428E0BB510034E14E /* CurrencyConverter */ = {
			isa = PBXGroup;
			children = (
				E4647FB528E0BB510034E14E /* AppDelegate.swift */,
				E4647FB728E0BB510034E14E /* SceneDelegate.swift */,
				E47E781828E7CE4800550703 /* Services */,
				E4704FB528E27D08000A0B75 /* Extensions */,
				E4704FB428E27CF6000A0B75 /* Utilities */,
				E47E782928E7D02F00550703 /* Interactors */,
				E40F7B5828E7478E001A31BB /* Model */,
				E45D8E8228E3CADD008C87CC /* View */,
				E47E782E28E7D09900550703 /* ViewModel */,
				E4647FBE28E0BB530034E14E /* Assets.xcassets */,
				E4647FC028E0BB530034E14E /* LaunchScreen.storyboard */,
				E4647FC328E0BB530034E14E /* Info.plist */,
			);
			path = CurrencyConverter;
			sourceTree = "<group>";
		};
		E4647FCB28E0BB530034E14E /* CurrencyConverterTests */ = {
			isa = PBXGroup;
			children = (
				E440C81428E96ACD00B5F46D /* ServiceManagerTest.swift */,
				E440C81628E96E0F00B5F46D /* StringUtilitiesTest.swift */,
				E461053628EA090D00993497 /* CommissionManagerTest.swift */,
				E46028DF28EA153800E4AD77 /* AlertManagerTest.swift */,
			);
			path = CurrencyConverterTests;
			sourceTree = "<group>";
		};
		E4704FB428E27CF6000A0B75 /* Utilities */ = {
			isa = PBXGroup;
			children = (
				E4704FB228E27AFC000A0B75 /* ColorConstants.swift */,
				E4704FB828E280ED000A0B75 /* Constants.swift */,
				E40F7B5428E74601001A31BB /* AlertConstants.swift */,
				E40F7B5628E7476D001A31BB /* APIConstants.swift */,
				E47E781628E7CDD300550703 /* UserDataConstants.swift */,
				E47E782328E7CF9800550703 /* StringUtilities.swift */,
			);
			path = Utilities;
			sourceTree = "<group>";
		};
		E4704FB528E27D08000A0B75 /* Extensions */ = {
			isa = PBXGroup;
			children = (
				E4704FB628E27D15000A0B75 /* ColorExtensions.swift */,
				E4FEB58E28E356A70010E7E3 /* UIViewController.swift */,
				E4CD531028E51F4B000489E7 /* UITableViewExtensions.swift */,
				E4C027FC28E6CD4800600685 /* UIAlertControllerExtension.swift */,
				E43E157528E8121200D9FBBB /* NotificationNameExtensions.swift */,
			);
			path = Extensions;
			sourceTree = "<group>";
		};
		E47E781828E7CE4800550703 /* Services */ = {
			isa = PBXGroup;
			children = (
				E47E781928E7CE6200550703 /* NetworkServices.swift */,
				E47E781F28E7CF5000550703 /* ServiceManager.swift */,
				E481AB7A28E9215500853E21 /* StorageService.swift */,
			);
			path = Services;
			sourceTree = "<group>";
		};
		E47E782928E7D02F00550703 /* Interactors */ = {
			isa = PBXGroup;
			children = (
				E47E782A28E7D04300550703 /* CommissionManager.swift */,
				E47E782C28E7D06100550703 /* CommissionOfPointSevenPercent.swift */,
				E4F24AE328EA643D0052CC06 /* CommissionOfFirstFiveTransaction.swift */,
			);
			path = Interactors;
			sourceTree = "<group>";
		};
		E47E782E28E7D09900550703 /* ViewModel */ = {
			isa = PBXGroup;
			children = (
				E47E782F28E7D0BA00550703 /* CurrencyViewModel.swift */,
				E46028DD28EA129200E4AD77 /* AlertViewModel.swift */,
			);
			path = ViewModel;
			sourceTree = "<group>";
		};
		E4CD531228E52260000489E7 /* Convert Currency Views */ = {
			isa = PBXGroup;
			children = (
				E4CD531328E5229D000489E7 /* ConvertCurrencyViewController.swift */,
				E4CD531428E5229D000489E7 /* ConvertCurrencyViewController.xib */,
			);
			path = "Convert Currency Views";
			sourceTree = "<group>";
		};
/* End PBXGroup section */

/* Begin PBXNativeTarget section */
		E4647FB128E0BB510034E14E /* CurrencyConverter */ = {
			isa = PBXNativeTarget;
			buildConfigurationList = E4647FDC28E0BB540034E14E /* Build configuration list for PBXNativeTarget "CurrencyConverter" */;
			buildPhases = (
				6639FE1D30CCE4CD2D952437 /* [CP] Check Pods Manifest.lock */,
				E4647FAE28E0BB510034E14E /* Sources */,
				E4647FAF28E0BB510034E14E /* Frameworks */,
				E4647FB028E0BB510034E14E /* Resources */,
				FE4BA72209D474EA160C2847 /* [CP] Embed Pods Frameworks */,
			);
			buildRules = (
			);
			dependencies = (
			);
			name = CurrencyConverter;
			productName = CurrencyConverter;
			productReference = E4647FB228E0BB510034E14E /* CurrencyConverter.app */;
			productType = "com.apple.product-type.application";
		};
		E4647FC728E0BB530034E14E /* CurrencyConverterTests */ = {
			isa = PBXNativeTarget;
			buildConfigurationList = E4647FDF28E0BB540034E14E /* Build configuration list for PBXNativeTarget "CurrencyConverterTests" */;
			buildPhases = (
				D38FDF457C8D731DBC75A59D /* [CP] Check Pods Manifest.lock */,
				E4647FC428E0BB530034E14E /* Sources */,
				E4647FC528E0BB530034E14E /* Frameworks */,
				E4647FC628E0BB530034E14E /* Resources */,
			);
			buildRules = (
			);
			dependencies = (
				E4647FCA28E0BB530034E14E /* PBXTargetDependency */,
			);
			name = CurrencyConverterTests;
			productName = CurrencyConverterTests;
			productReference = E4647FC828E0BB530034E14E /* CurrencyConverterTests.xctest */;
			productType = "com.apple.product-type.bundle.unit-test";
		};
/* End PBXNativeTarget section */

/* Begin PBXProject section */
		E4647FAA28E0BB510034E14E /* Project object */ = {
			isa = PBXProject;
			attributes = {
				BuildIndependentTargetsInParallel = 1;
				LastSwiftUpdateCheck = 1400;
				LastUpgradeCheck = 1400;
				TargetAttributes = {
					E4647FB128E0BB510034E14E = {
						CreatedOnToolsVersion = 14.0;
					};
					E4647FC728E0BB530034E14E = {
						CreatedOnToolsVersion = 14.0;
						TestTargetID = E4647FB128E0BB510034E14E;
					};
				};
			};
			buildConfigurationList = E4647FAD28E0BB510034E14E /* Build configuration list for PBXProject "CurrencyConverter" */;
			compatibilityVersion = "Xcode 14.0";
			developmentRegion = en;
			hasScannedForEncodings = 0;
			knownRegions = (
				en,
				Base,
			);
			mainGroup = E4647FA928E0BB510034E14E;
			productRefGroup = E4647FB328E0BB510034E14E /* Products */;
			projectDirPath = "";
			projectRoot = "";
			targets = (
				E4647FB128E0BB510034E14E /* CurrencyConverter */,
				E4647FC728E0BB530034E14E /* CurrencyConverterTests */,
			);
		};
/* End PBXProject section */

/* Begin PBXResourcesBuildPhase section */
		E4647FB028E0BB510034E14E /* Resources */ = {
			isa = PBXResourcesBuildPhase;
			buildActionMask = 2147483647;
			files = (
				E4647FC228E0BB530034E14E /* LaunchScreen.storyboard in Resources */,
				E4CD531628E5229D000489E7 /* ConvertCurrencyViewController.xib in Resources */,
				E45D8E8128E3CAD6008C87CC /* AvailableBalanceViewController.xib in Resources */,
				E45D8E8728E3E3FF008C87CC /* AvailableBalanceCellViewController.xib in Resources */,
				E4647FBF28E0BB530034E14E /* Assets.xcassets in Resources */,
				E422A63828E12F1000CD1582 /* HomeViewController.xib in Resources */,
			);
			runOnlyForDeploymentPostprocessing = 0;
		};
		E4647FC628E0BB530034E14E /* Resources */ = {
			isa = PBXResourcesBuildPhase;
			buildActionMask = 2147483647;
			files = (
			);
			runOnlyForDeploymentPostprocessing = 0;
		};
/* End PBXResourcesBuildPhase section */

/* Begin PBXShellScriptBuildPhase section */
		6639FE1D30CCE4CD2D952437 /* [CP] Check Pods Manifest.lock */ = {
			isa = PBXShellScriptBuildPhase;
			buildActionMask = 2147483647;
			files = (
			);
			inputFileListPaths = (
			);
			inputPaths = (
				"${PODS_PODFILE_DIR_PATH}/Podfile.lock",
				"${PODS_ROOT}/Manifest.lock",
			);
			name = "[CP] Check Pods Manifest.lock";
			outputFileListPaths = (
			);
			outputPaths = (
				"$(DERIVED_FILE_DIR)/Pods-CurrencyConverter-checkManifestLockResult.txt",
			);
			runOnlyForDeploymentPostprocessing = 0;
			shellPath = /bin/sh;
			shellScript = "diff \"${PODS_PODFILE_DIR_PATH}/Podfile.lock\" \"${PODS_ROOT}/Manifest.lock\" > /dev/null\nif [ $? != 0 ] ; then\n    # print error to STDERR\n    echo \"error: The sandbox is not in sync with the Podfile.lock. Run 'pod install' or update your CocoaPods installation.\" >&2\n    exit 1\nfi\n# This output is used by Xcode 'outputs' to avoid re-running this script phase.\necho \"SUCCESS\" > \"${SCRIPT_OUTPUT_FILE_0}\"\n";
			showEnvVarsInLog = 0;
		};
		D38FDF457C8D731DBC75A59D /* [CP] Check Pods Manifest.lock */ = {
			isa = PBXShellScriptBuildPhase;
			buildActionMask = 2147483647;
			files = (
			);
			inputFileListPaths = (
			);
			inputPaths = (
				"${PODS_PODFILE_DIR_PATH}/Podfile.lock",
				"${PODS_ROOT}/Manifest.lock",
			);
			name = "[CP] Check Pods Manifest.lock";
			outputFileListPaths = (
			);
			outputPaths = (
				"$(DERIVED_FILE_DIR)/Pods-CurrencyConverterTests-checkManifestLockResult.txt",
			);
			runOnlyForDeploymentPostprocessing = 0;
			shellPath = /bin/sh;
			shellScript = "diff \"${PODS_PODFILE_DIR_PATH}/Podfile.lock\" \"${PODS_ROOT}/Manifest.lock\" > /dev/null\nif [ $? != 0 ] ; then\n    # print error to STDERR\n    echo \"error: The sandbox is not in sync with the Podfile.lock. Run 'pod install' or update your CocoaPods installation.\" >&2\n    exit 1\nfi\n# This output is used by Xcode 'outputs' to avoid re-running this script phase.\necho \"SUCCESS\" > \"${SCRIPT_OUTPUT_FILE_0}\"\n";
			showEnvVarsInLog = 0;
		};
		FE4BA72209D474EA160C2847 /* [CP] Embed Pods Frameworks */ = {
			isa = PBXShellScriptBuildPhase;
			buildActionMask = 2147483647;
			files = (
			);
			inputFileListPaths = (
				"${PODS_ROOT}/Target Support Files/Pods-CurrencyConverter/Pods-CurrencyConverter-frameworks-${CONFIGURATION}-input-files.xcfilelist",
			);
			name = "[CP] Embed Pods Frameworks";
			outputFileListPaths = (
				"${PODS_ROOT}/Target Support Files/Pods-CurrencyConverter/Pods-CurrencyConverter-frameworks-${CONFIGURATION}-output-files.xcfilelist",
			);
			runOnlyForDeploymentPostprocessing = 0;
			shellPath = /bin/sh;
			shellScript = "\"${PODS_ROOT}/Target Support Files/Pods-CurrencyConverter/Pods-CurrencyConverter-frameworks.sh\"\n";
			showEnvVarsInLog = 0;
		};
/* End PBXShellScriptBuildPhase section */

/* Begin PBXSourcesBuildPhase section */
		E4647FAE28E0BB510034E14E /* Sources */ = {
			isa = PBXSourcesBuildPhase;
			buildActionMask = 2147483647;
			files = (
				E47E782628E7CFB800550703 /* UserDataModel.swift in Sources */,
				E45D8E8628E3E3FF008C87CC /* AvailableBalanceCellViewController.swift in Sources */,
				E47E781C28E7CE9A00550703 /* HttpErrorModels.swift in Sources */,
				E46028DE28EA129200E4AD77 /* AlertViewModel.swift in Sources */,
				E4647FB628E0BB510034E14E /* AppDelegate.swift in Sources */,
				E4704FB728E27D15000A0B75 /* ColorExtensions.swift in Sources */,
				E47E781E28E7CEB300550703 /* ResponseDataModel.swift in Sources */,
				E47E782028E7CF5000550703 /* ServiceManager.swift in Sources */,
				E4CD531528E5229D000489E7 /* ConvertCurrencyViewController.swift in Sources */,
				E4FEB58F28E356A70010E7E3 /* UIViewController.swift in Sources */,
				E4647FB828E0BB510034E14E /* SceneDelegate.swift in Sources */,
				E4F24AE428EA643D0052CC06 /* CommissionOfFirstFiveTransaction.swift in Sources */,
				E4CD531128E51F4B000489E7 /* UITableViewExtensions.swift in Sources */,
				E422A63728E12F1000CD1582 /* HomeViewController.swift in Sources */,
				E47E781728E7CDD300550703 /* UserDataConstants.swift in Sources */,
				E40F7B5A28E747A1001A31BB /* CurrencyDataModel.swift in Sources */,
				E43E157828E8138500D9FBBB /* AlertDataModel.swift in Sources */,
				E4C027FD28E6CD4800600685 /* UIAlertControllerExtension.swift in Sources */,
				E45D8E8028E3CAD6008C87CC /* AvailableBalanceViewController.swift in Sources */,
				E47E781A28E7CE6200550703 /* NetworkServices.swift in Sources */,
				E47E783028E7D0BA00550703 /* CurrencyViewModel.swift in Sources */,
				E440C81328E9506900B5F46D /* UserDatabaseModel.swift in Sources */,
				E47E782428E7CF9800550703 /* StringUtilities.swift in Sources */,
				E47E782B28E7D04300550703 /* CommissionManager.swift in Sources */,
				E40F7B5128E72B55001A31BB /* ViewBorderAndCornerCreator.swift in Sources */,
				E43E157D28E814D700D9FBBB /* AmountEnteredToConvert.swift in Sources */,
				E40F7B5728E7476D001A31BB /* APIConstants.swift in Sources */,
				E4704FB328E27AFC000A0B75 /* ColorConstants.swift in Sources */,
				E47E782828E7D01300550703 /* CurrencyConversionErrorModels.swift in Sources */,
				E47E782D28E7D06100550703 /* CommissionOfPointSevenPercent.swift in Sources */,
				E47E782228E7CF7900550703 /* DataManager.swift in Sources */,
				E40F7B5528E74601001A31BB /* AlertConstants.swift in Sources */,
				E481AB7B28E9215500853E21 /* StorageService.swift in Sources */,
				E43E157628E8121200D9FBBB /* NotificationNameExtensions.swift in Sources */,
				E43E157B28E814BC00D9FBBB /* CurrencySelectedFromList.swift in Sources */,
				E4704FB928E280ED000A0B75 /* Constants.swift in Sources */,
				E43E157F28E814FC00D9FBBB /* NotificationListener.swift in Sources */,
			);
			runOnlyForDeploymentPostprocessing = 0;
		};
		E4647FC428E0BB530034E14E /* Sources */ = {
			isa = PBXSourcesBuildPhase;
			buildActionMask = 2147483647;
			files = (
				E46028E028EA153800E4AD77 /* AlertManagerTest.swift in Sources */,
				E440C81528E96ACD00B5F46D /* ServiceManagerTest.swift in Sources */,
				E440C81728E96E0F00B5F46D /* StringUtilitiesTest.swift in Sources */,
				E461053728EA090E00993497 /* CommissionManagerTest.swift in Sources */,
			);
			runOnlyForDeploymentPostprocessing = 0;
		};
/* End PBXSourcesBuildPhase section */

/* Begin PBXTargetDependency section */
		E4647FCA28E0BB530034E14E /* PBXTargetDependency */ = {
			isa = PBXTargetDependency;
			target = E4647FB128E0BB510034E14E /* CurrencyConverter */;
			targetProxy = E4647FC928E0BB530034E14E /* PBXContainerItemProxy */;
		};
/* End PBXTargetDependency section */

/* Begin PBXVariantGroup section */
		E4647FC028E0BB530034E14E /* LaunchScreen.storyboard */ = {
			isa = PBXVariantGroup;
			children = (
				E4647FC128E0BB530034E14E /* Base */,
			);
			name = LaunchScreen.storyboard;
			sourceTree = "<group>";
		};
/* End PBXVariantGroup section */

/* Begin XCBuildConfiguration section */
		E4647FDA28E0BB540034E14E /* Debug */ = {
			isa = XCBuildConfiguration;
			buildSettings = {
				ALWAYS_SEARCH_USER_PATHS = NO;
				CLANG_ANALYZER_NONNULL = YES;
				CLANG_ANALYZER_NUMBER_OBJECT_CONVERSION = YES_AGGRESSIVE;
				CLANG_CXX_LANGUAGE_STANDARD = "gnu++20";
				CLANG_ENABLE_MODULES = YES;
				CLANG_ENABLE_OBJC_ARC = YES;
				CLANG_ENABLE_OBJC_WEAK = YES;
				CLANG_WARN_BLOCK_CAPTURE_AUTORELEASING = YES;
				CLANG_WARN_BOOL_CONVERSION = YES;
				CLANG_WARN_COMMA = YES;
				CLANG_WARN_CONSTANT_CONVERSION = YES;
				CLANG_WARN_DEPRECATED_OBJC_IMPLEMENTATIONS = YES;
				CLANG_WARN_DIRECT_OBJC_ISA_USAGE = YES_ERROR;
				CLANG_WARN_DOCUMENTATION_COMMENTS = YES;
				CLANG_WARN_EMPTY_BODY = YES;
				CLANG_WARN_ENUM_CONVERSION = YES;
				CLANG_WARN_INFINITE_RECURSION = YES;
				CLANG_WARN_INT_CONVERSION = YES;
				CLANG_WARN_NON_LITERAL_NULL_CONVERSION = YES;
				CLANG_WARN_OBJC_IMPLICIT_RETAIN_SELF = YES;
				CLANG_WARN_OBJC_LITERAL_CONVERSION = YES;
				CLANG_WARN_OBJC_ROOT_CLASS = YES_ERROR;
				CLANG_WARN_QUOTED_INCLUDE_IN_FRAMEWORK_HEADER = YES;
				CLANG_WARN_RANGE_LOOP_ANALYSIS = YES;
				CLANG_WARN_STRICT_PROTOTYPES = YES;
				CLANG_WARN_SUSPICIOUS_MOVE = YES;
				CLANG_WARN_UNGUARDED_AVAILABILITY = YES_AGGRESSIVE;
				CLANG_WARN_UNREACHABLE_CODE = YES;
				CLANG_WARN__DUPLICATE_METHOD_MATCH = YES;
				COPY_PHASE_STRIP = NO;
				DEBUG_INFORMATION_FORMAT = dwarf;
				ENABLE_STRICT_OBJC_MSGSEND = YES;
				ENABLE_TESTABILITY = YES;
				GCC_C_LANGUAGE_STANDARD = gnu11;
				GCC_DYNAMIC_NO_PIC = NO;
				GCC_NO_COMMON_BLOCKS = YES;
				GCC_OPTIMIZATION_LEVEL = 0;
				GCC_PREPROCESSOR_DEFINITIONS = (
					"DEBUG=1",
					"$(inherited)",
				);
				GCC_WARN_64_TO_32_BIT_CONVERSION = YES;
				GCC_WARN_ABOUT_RETURN_TYPE = YES_ERROR;
				GCC_WARN_UNDECLARED_SELECTOR = YES;
				GCC_WARN_UNINITIALIZED_AUTOS = YES_AGGRESSIVE;
				GCC_WARN_UNUSED_FUNCTION = YES;
				GCC_WARN_UNUSED_VARIABLE = YES;
				IPHONEOS_DEPLOYMENT_TARGET = 13.0;
				MTL_ENABLE_DEBUG_INFO = INCLUDE_SOURCE;
				MTL_FAST_MATH = YES;
				ONLY_ACTIVE_ARCH = YES;
				SDKROOT = iphoneos;
				SWIFT_ACTIVE_COMPILATION_CONDITIONS = DEBUG;
				SWIFT_OPTIMIZATION_LEVEL = "-Onone";
			};
			name = Debug;
		};
		E4647FDB28E0BB540034E14E /* Release */ = {
			isa = XCBuildConfiguration;
			buildSettings = {
				ALWAYS_SEARCH_USER_PATHS = NO;
				CLANG_ANALYZER_NONNULL = YES;
				CLANG_ANALYZER_NUMBER_OBJECT_CONVERSION = YES_AGGRESSIVE;
				CLANG_CXX_LANGUAGE_STANDARD = "gnu++20";
				CLANG_ENABLE_MODULES = YES;
				CLANG_ENABLE_OBJC_ARC = YES;
				CLANG_ENABLE_OBJC_WEAK = YES;
				CLANG_WARN_BLOCK_CAPTURE_AUTORELEASING = YES;
				CLANG_WARN_BOOL_CONVERSION = YES;
				CLANG_WARN_COMMA = YES;
				CLANG_WARN_CONSTANT_CONVERSION = YES;
				CLANG_WARN_DEPRECATED_OBJC_IMPLEMENTATIONS = YES;
				CLANG_WARN_DIRECT_OBJC_ISA_USAGE = YES_ERROR;
				CLANG_WARN_DOCUMENTATION_COMMENTS = YES;
				CLANG_WARN_EMPTY_BODY = YES;
				CLANG_WARN_ENUM_CONVERSION = YES;
				CLANG_WARN_INFINITE_RECURSION = YES;
				CLANG_WARN_INT_CONVERSION = YES;
				CLANG_WARN_NON_LITERAL_NULL_CONVERSION = YES;
				CLANG_WARN_OBJC_IMPLICIT_RETAIN_SELF = YES;
				CLANG_WARN_OBJC_LITERAL_CONVERSION = YES;
				CLANG_WARN_OBJC_ROOT_CLASS = YES_ERROR;
				CLANG_WARN_QUOTED_INCLUDE_IN_FRAMEWORK_HEADER = YES;
				CLANG_WARN_RANGE_LOOP_ANALYSIS = YES;
				CLANG_WARN_STRICT_PROTOTYPES = YES;
				CLANG_WARN_SUSPICIOUS_MOVE = YES;
				CLANG_WARN_UNGUARDED_AVAILABILITY = YES_AGGRESSIVE;
				CLANG_WARN_UNREACHABLE_CODE = YES;
				CLANG_WARN__DUPLICATE_METHOD_MATCH = YES;
				COPY_PHASE_STRIP = NO;
				DEBUG_INFORMATION_FORMAT = "dwarf-with-dsym";
				ENABLE_NS_ASSERTIONS = NO;
				ENABLE_STRICT_OBJC_MSGSEND = YES;
				GCC_C_LANGUAGE_STANDARD = gnu11;
				GCC_NO_COMMON_BLOCKS = YES;
				GCC_WARN_64_TO_32_BIT_CONVERSION = YES;
				GCC_WARN_ABOUT_RETURN_TYPE = YES_ERROR;
				GCC_WARN_UNDECLARED_SELECTOR = YES;
				GCC_WARN_UNINITIALIZED_AUTOS = YES_AGGRESSIVE;
				GCC_WARN_UNUSED_FUNCTION = YES;
				GCC_WARN_UNUSED_VARIABLE = YES;
				IPHONEOS_DEPLOYMENT_TARGET = 13.0;
				MTL_ENABLE_DEBUG_INFO = NO;
				MTL_FAST_MATH = YES;
				SDKROOT = iphoneos;
				SWIFT_COMPILATION_MODE = wholemodule;
				SWIFT_OPTIMIZATION_LEVEL = "-O";
				VALIDATE_PRODUCT = YES;
			};
			name = Release;
		};
		E4647FDD28E0BB540034E14E /* Debug */ = {
			isa = XCBuildConfiguration;
			baseConfigurationReference = 79C87CE7C8F5CA0FA4FEF41D /* Pods-CurrencyConverter.debug.xcconfig */;
			buildSettings = {
				ASSETCATALOG_COMPILER_APPICON_NAME = AppIcon;
				ASSETCATALOG_COMPILER_GLOBAL_ACCENT_COLOR_NAME = AccentColor;
				ASSETCATALOG_COMPILER_INCLUDE_ALL_APPICON_ASSETS = YES;
				CODE_SIGN_STYLE = Automatic;
				CURRENT_PROJECT_VERSION = 1;
				DEVELOPMENT_TEAM = VT7P57396Q;
				GENERATE_INFOPLIST_FILE = YES;
				INFOPLIST_FILE = CurrencyConverter/Info.plist;
				INFOPLIST_KEY_UIApplicationSupportsIndirectInputEvents = YES;
				INFOPLIST_KEY_UILaunchStoryboardName = LaunchScreen;
				INFOPLIST_KEY_UIStatusBarStyle = "";
				INFOPLIST_KEY_UISupportedInterfaceOrientations = UIInterfaceOrientationPortrait;
				INFOPLIST_KEY_UISupportedInterfaceOrientations_iPad = "UIInterfaceOrientationLandscapeLeft UIInterfaceOrientationLandscapeRight UIInterfaceOrientationPortrait";
				INFOPLIST_KEY_UIUserInterfaceStyle = Light;
				IPHONEOS_DEPLOYMENT_TARGET = 13.0;
				LD_RUNPATH_SEARCH_PATHS = (
					"$(inherited)",
					"@executable_path/Frameworks",
				);
				MARKETING_VERSION = 1.0;
				PRODUCT_BUNDLE_IDENTIFIER = com.kobiraj.CurrencyConverter;
				PRODUCT_NAME = "$(TARGET_NAME)";
				SUPPORTED_PLATFORMS = "iphoneos iphonesimulator";
				SUPPORTS_MACCATALYST = NO;
				SUPPORTS_MAC_DESIGNED_FOR_IPHONE_IPAD = NO;
				SWIFT_EMIT_LOC_STRINGS = YES;
				SWIFT_VERSION = 5.0;
				TARGETED_DEVICE_FAMILY = "1,2";
			};
			name = Debug;
		};
		E4647FDE28E0BB540034E14E /* Release */ = {
			isa = XCBuildConfiguration;
			baseConfigurationReference = 63518579CAA54F4F1608B8EF /* Pods-CurrencyConverter.release.xcconfig */;
			buildSettings = {
				ASSETCATALOG_COMPILER_APPICON_NAME = AppIcon;
				ASSETCATALOG_COMPILER_GLOBAL_ACCENT_COLOR_NAME = AccentColor;
				ASSETCATALOG_COMPILER_INCLUDE_ALL_APPICON_ASSETS = YES;
				CODE_SIGN_STYLE = Automatic;
				CURRENT_PROJECT_VERSION = 1;
				DEVELOPMENT_TEAM = VT7P57396Q;
				GENERATE_INFOPLIST_FILE = YES;
				INFOPLIST_FILE = CurrencyConverter/Info.plist;
				INFOPLIST_KEY_UIApplicationSupportsIndirectInputEvents = YES;
				INFOPLIST_KEY_UILaunchStoryboardName = LaunchScreen;
				INFOPLIST_KEY_UIStatusBarStyle = "";
				INFOPLIST_KEY_UISupportedInterfaceOrientations = UIInterfaceOrientationPortrait;
				INFOPLIST_KEY_UISupportedInterfaceOrientations_iPad = "UIInterfaceOrientationLandscapeLeft UIInterfaceOrientationLandscapeRight UIInterfaceOrientationPortrait";
				INFOPLIST_KEY_UIUserInterfaceStyle = Light;
				IPHONEOS_DEPLOYMENT_TARGET = 13.0;
				LD_RUNPATH_SEARCH_PATHS = (
					"$(inherited)",
					"@executable_path/Frameworks",
				);
				MARKETING_VERSION = 1.0;
				PRODUCT_BUNDLE_IDENTIFIER = com.kobiraj.CurrencyConverter;
				PRODUCT_NAME = "$(TARGET_NAME)";
				SUPPORTED_PLATFORMS = "iphoneos iphonesimulator";
				SUPPORTS_MACCATALYST = NO;
				SUPPORTS_MAC_DESIGNED_FOR_IPHONE_IPAD = NO;
				SWIFT_EMIT_LOC_STRINGS = YES;
				SWIFT_VERSION = 5.0;
				TARGETED_DEVICE_FAMILY = "1,2";
			};
			name = Release;
		};
		E4647FE028E0BB540034E14E /* Debug */ = {
			isa = XCBuildConfiguration;
			baseConfigurationReference = CC8959780AB0900EADA9A85C /* Pods-CurrencyConverterTests.debug.xcconfig */;
			buildSettings = {
				ALWAYS_EMBED_SWIFT_STANDARD_LIBRARIES = YES;
				BUNDLE_LOADER = "$(TEST_HOST)";
				CODE_SIGN_STYLE = Automatic;
				CURRENT_PROJECT_VERSION = 1;
				DEVELOPMENT_TEAM = VT7P57396Q;
				GENERATE_INFOPLIST_FILE = YES;
				IPHONEOS_DEPLOYMENT_TARGET = 13.0;
				MARKETING_VERSION = 1.0;
				PRODUCT_BUNDLE_IDENTIFIER = com.kobiraj.CurrencyConverterTests;
				PRODUCT_NAME = "$(TARGET_NAME)";
				SUPPORTED_PLATFORMS = "iphoneos iphonesimulator";
				SUPPORTS_MACCATALYST = NO;
				SUPPORTS_MAC_DESIGNED_FOR_IPHONE_IPAD = NO;
				SWIFT_EMIT_LOC_STRINGS = NO;
				SWIFT_VERSION = 5.0;
				TARGETED_DEVICE_FAMILY = 1;
				TEST_HOST = "$(BUILT_PRODUCTS_DIR)/CurrencyConverter.app/$(BUNDLE_EXECUTABLE_FOLDER_PATH)/CurrencyConverter";
			};
			name = Debug;
		};
		E4647FE128E0BB540034E14E /* Release */ = {
			isa = XCBuildConfiguration;
			baseConfigurationReference = A12CE59A6B29C32F428BFB35 /* Pods-CurrencyConverterTests.release.xcconfig */;
			buildSettings = {
				ALWAYS_EMBED_SWIFT_STANDARD_LIBRARIES = YES;
				BUNDLE_LOADER = "$(TEST_HOST)";
				CODE_SIGN_STYLE = Automatic;
				CURRENT_PROJECT_VERSION = 1;
				DEVELOPMENT_TEAM = VT7P57396Q;
				GENERATE_INFOPLIST_FILE = YES;
				IPHONEOS_DEPLOYMENT_TARGET = 13.0;
				MARKETING_VERSION = 1.0;
				PRODUCT_BUNDLE_IDENTIFIER = com.kobiraj.CurrencyConverterTests;
				PRODUCT_NAME = "$(TARGET_NAME)";
				SUPPORTED_PLATFORMS = "iphoneos iphonesimulator";
				SUPPORTS_MACCATALYST = NO;
				SUPPORTS_MAC_DESIGNED_FOR_IPHONE_IPAD = NO;
				SWIFT_EMIT_LOC_STRINGS = NO;
				SWIFT_VERSION = 5.0;
				TARGETED_DEVICE_FAMILY = 1;
				TEST_HOST = "$(BUILT_PRODUCTS_DIR)/CurrencyConverter.app/$(BUNDLE_EXECUTABLE_FOLDER_PATH)/CurrencyConverter";
			};
			name = Release;
		};
/* End XCBuildConfiguration section */

/* Begin XCConfigurationList section */
		E4647FAD28E0BB510034E14E /* Build configuration list for PBXProject "CurrencyConverter" */ = {
			isa = XCConfigurationList;
			buildConfigurations = (
				E4647FDA28E0BB540034E14E /* Debug */,
				E4647FDB28E0BB540034E14E /* Release */,
			);
			defaultConfigurationIsVisible = 0;
			defaultConfigurationName = Release;
		};
		E4647FDC28E0BB540034E14E /* Build configuration list for PBXNativeTarget "CurrencyConverter" */ = {
			isa = XCConfigurationList;
			buildConfigurations = (
				E4647FDD28E0BB540034E14E /* Debug */,
				E4647FDE28E0BB540034E14E /* Release */,
			);
			defaultConfigurationIsVisible = 0;
			defaultConfigurationName = Release;
		};
		E4647FDF28E0BB540034E14E /* Build configuration list for PBXNativeTarget "CurrencyConverterTests" */ = {
			isa = XCConfigurationList;
			buildConfigurations = (
				E4647FE028E0BB540034E14E /* Debug */,
				E4647FE128E0BB540034E14E /* Release */,
			);
			defaultConfigurationIsVisible = 0;
			defaultConfigurationName = Release;
		};
/* End XCConfigurationList section */
	};
	rootObject = E4647FAA28E0BB510034E14E /* Project object */;
}
